
Microsoft Visual Studio Solution File, Format Version 12.00
# Visual Studio Version 16
VisualStudioVersion = 16.0.30104.148
MinimumVisualStudioVersion = 10.0.40219.1
Project("{9A19103F-16F7-4668-BE54-9A1E7A4F7556}") = "IOTManagementApp", "IOTManagementApp\IOTManagementApp.csproj", "{8C734773-B4FB-4F3C-A262-3D4E5A453F81}"
EndProject
Project("{FAE04EC0-301F-11D3-BF4B-00C04F79EFBC}") = "IOTManagementAppTests", "IOTManagementAppTests\IOTManagementAppTests.csproj", "{1F7CE6EF-4C3C-4CF0-BC8B-B06032C79617}"
EndProject
Global
	GlobalSection(SolutionConfigurationPlatforms) = preSolution
		Debug|Any CPU = Debug|Any CPU
		Release|Any CPU = Release|Any CPU
	EndGlobalSection
	GlobalSection(ProjectConfigurationPlatforms) = postSolution
		{8C734773-B4FB-4F3C-A262-3D4E5A453F81}.Debug|Any CPU.ActiveCfg = Debug|Any CPU
		{8C734773-B4FB-4F3C-A262-3D4E5A453F81}.Debug|Any CPU.Build.0 = Debug|Any CPU
		{8C734773-B4FB-4F3C-A262-3D4E5A453F81}.Release|Any CPU.ActiveCfg = Release|Any CPU
		{8C734773-B4FB-4F3C-A262-3D4E5A453F81}.Release|Any CPU.Build.0 = Release|Any CPU
		{1F7CE6EF-4C3C-4CF0-BC8B-B06032C79617}.Debug|Any CPU.ActiveCfg = Debug|Any CPU
		{1F7CE6EF-4C3C-4CF0-BC8B-B06032C79617}.Debug|Any CPU.Build.0 = Debug|Any CPU
		{1F7CE6EF-4C3C-4CF0-BC8B-B06032C79617}.Release|Any CPU.ActiveCfg = Release|Any CPU
		{1F7CE6EF-4C3C-4CF0-BC8B-B06032C79617}.Release|Any CPU.Build.0 = Release|Any CPU
	EndGlobalSection
	GlobalSection(SolutionProperties) = preSolution
		HideSolutionNode = FALSE
	EndGlobalSection
	GlobalSection(ExtensibilityGlobals) = postSolution
		SolutionGuid = {A7E10759-3A8E-4BF9-B1B0-F9C2AF497943}
	EndGlobalSection
EndGlobal
